
Microsoft Visual Studio Solution File, Format Version 12.00
# Visual Studio 15
VisualStudioVersion = 15.0.27428.2027
MinimumVisualStudioVersion = 10.0.40219.1
Project("{FAE04EC0-301F-11D3-BF4B-00C04F79EFBC}") = "Bowling Program", "Bowling Program\Bowling Program.csproj", "{5C83384F-E942-4DAD-8EFF-598C477CDACE}"
EndProject
Global
	GlobalSection(SolutionConfigurationPlatforms) = preSolution
		Debug|Any CPU = Debug|Any CPU
		Release|Any CPU = Release|Any CPU
	EndGlobalSection
	GlobalSection(ProjectConfigurationPlatforms) = postSolution
		{5C83384F-E942-4DAD-8EFF-598C477CDACE}.Debug|Any CPU.ActiveCfg = Debug|Any CPU
		{5C83384F-E942-4DAD-8EFF-598C477CDACE}.Debug|Any CPU.Build.0 = Debug|Any CPU
		{5C83384F-E942-4DAD-8EFF-598C477CDACE}.Release|Any CPU.ActiveCfg = Release|Any CPU
		{5C83384F-E942-4DAD-8EFF-598C477CDACE}.Release|Any CPU.Build.0 = Release|Any CPU
	EndGlobalSection
	GlobalSection(SolutionProperties) = preSolution
		HideSolutionNode = FALSE
	EndGlobalSection
	GlobalSection(ExtensibilityGlobals) = postSolution
		SolutionGuid = {78CD2BC3-2C2D-4056-A5E1-81F413FC15B5}
	EndGlobalSection
EndGlobal
